Microsoft Visual Studio Solution File, Format Version 12.00
# Visual Studio Version 17
VisualStudioVersion = 17.0.31903.59
MinimumVisualStudioVersion = 10.0.40219.1
Project("{FAE04EC0-301F-11D3-BF4B-00C04F79EFBC}") = "CustomerService", "CustomerService\CustomerService.csproj", "{E154957F-23FB-4635-A703-13D606558177}"
EndProject
Project("{FAE04EC0-301F-11D3-BF4B-00C04F79EFBC}") = "PaymentService", "PaymentService\PaymentService.csproj", "{A147FD4F-293E-4675-BD13-7E50CE138AAD}"
EndProject
Project("{2150E333-8FDC-42A3-9474-1A3956D46DE8}") = "AuthService", "AuthService", "{54C27F26-71CB-9721-02CF-9E5332C2F895}"
EndProject
Project("{FAE04EC0-301F-11D3-BF4B-00C04F79EFBC}") = "AuthService.API", "AuthService\AuthService.API\AuthService.API.csproj", "{974D812C-EBCA-490B-91D9-20D3F2A2C43D}"
EndProject
Project("{FAE04EC0-301F-11D3-BF4B-00C04F79EFBC}") = "AuthService.Application", "AuthService\AuthService.Application\AuthService.Application.csproj", "{9CC254A8-A06B-4332-AEBC-A19226A7B8F8}"
EndProject
Project("{FAE04EC0-301F-11D3-BF4B-00C04F79EFBC}") = "AuthService.Domain", "AuthService\AuthService.Domain\AuthService.Domain.csproj", "{52C1BCB8-16BF-4170-B79C-DA82D4EA82FF}"
EndProject
Project("{FAE04EC0-301F-11D3-BF4B-00C04F79EFBC}") = "AuthService.Infrastructure", "AuthService\AuthService.Infrastructure\AuthService.Infrastructure.csproj", "{AD73271B-25CF-4701-86FA-367383C51A2F}"
EndProject
Project("{2150E333-8FDC-42A3-9474-1A3956D46DE8}") = "OrderServiceRoot", "OrderServiceRoot", "{1CDB8257-D98E-AF38-204D-5645D4EEB404}"
EndProject
Project("{FAE04EC0-301F-11D3-BF4B-00C04F79EFBC}") = "OrderService.Domain", "OrderService\OrderService.Domain\OrderService.Domain.csproj", "{EA08D553-0FA9-4049-8D82-CDF173F08B20}"
EndProject
Project("{2150E333-8FDC-42A3-9474-1A3956D46DE8}") = "OrderService", "OrderService", "{4C52D224-B030-4119-81DC-424209DE445E}"
EndProject
Project("{FAE04EC0-301F-11D3-BF4B-00C04F79EFBC}") = "OrderService.Application", "OrderService\OrderService.Application\OrderService.Application.csproj", "{015815EF-EBB4-42AB-9A97-3C81F2D06B2D}"
EndProject
Project("{FAE04EC0-301F-11D3-BF4B-00C04F79EFBC}") = "OrderService.Infrastructure", "OrderService\OrderService.Infrastructure\OrderService.Infrastructure.csproj", "{74FB162D-2514-40A4-A96C-32594873C3B6}"
EndProject
Project("{FAE04EC0-301F-11D3-BF4B-00C04F79EFBC}") = "OrderService.API", "OrderService\OrderService.API\OrderService.API.csproj", "{30A50924-C999-42DA-A42C-A577950635C3}"
EndProject
Project("{2150E333-8FDC-42A3-9474-1A3956D46DE8}") = "CatalogService", "CatalogService", "{3018FE93-2D93-7D0A-2D30-70915967B595}"
EndProject
Project("{FAE04EC0-301F-11D3-BF4B-00C04F79EFBC}") = "CatalogService.API", "CatalogService\CatalogService.API\CatalogService.API.csproj", "{C9C7FF4D-9D45-4A8C-8F19-210C0915D086}"
EndProject
Project("{FAE04EC0-301F-11D3-BF4B-00C04F79EFBC}") = "CatalogService.Domain", "CatalogService\CatalogService.Domain\CatalogService.Domain.csproj", "{F3B20C4E-5E3F-4F58-8F2C-0A6C9F5E9B11}"
EndProject
Project("{FAE04EC0-301F-11D3-BF4B-00C04F79EFBC}") = "CatalogService.Application", "CatalogService\CatalogService.Application\CatalogService.Application.csproj", "{A0E42F4D-3A36-4F7C-9F38-2B5A46819D47}"
EndProject
Project("{FAE04EC0-301F-11D3-BF4B-00C04F79EFBC}") = "CatalogService.Infrastructure", "CatalogService\CatalogService.Infrastructure\CatalogService.Infrastructure.csproj", "{D9C5EAC0-9C62-4C52-9F3A-42A6C36F7E77}"
EndProject
Global
	GlobalSection(SolutionConfigurationPlatforms) = preSolution
		Debug|Any CPU = Debug|Any CPU
		Debug|x64 = Debug|x64
		Debug|x86 = Debug|x86
		Release|Any CPU = Release|Any CPU
		Release|x64 = Release|x64
		Release|x86 = Release|x86
	EndGlobalSection
	GlobalSection(ProjectConfigurationPlatforms) = postSolution
		{2AA7D2AE-88B7-4EAA-9FAC-2D6359528AA3}.Debug|Any CPU.ActiveCfg = Debug|Any CPU
		{2AA7D2AE-88B7-4EAA-9FAC-2D6359528AA3}.Debug|Any CPU.Build.0 = Debug|Any CPU
		{2AA7D2AE-88B7-4EAA-9FAC-2D6359528AA3}.Debug|x64.ActiveCfg = Debug|Any CPU
		{2AA7D2AE-88B7-4EAA-9FAC-2D6359528AA3}.Debug|x64.Build.0 = Debug|Any CPU
		{2AA7D2AE-88B7-4EAA-9FAC-2D6359528AA3}.Debug|x86.ActiveCfg = Debug|Any CPU
		{2AA7D2AE-88B7-4EAA-9FAC-2D6359528AA3}.Debug|x86.Build.0 = Debug|Any CPU
		{2AA7D2AE-88B7-4EAA-9FAC-2D6359528AA3}.Release|Any CPU.ActiveCfg = Release|Any CPU
		{2AA7D2AE-88B7-4EAA-9FAC-2D6359528AA3}.Release|Any CPU.Build.0 = Release|Any CPU
		{2AA7D2AE-88B7-4EAA-9FAC-2D6359528AA3}.Release|x64.ActiveCfg = Release|Any CPU
		{2AA7D2AE-88B7-4EAA-9FAC-2D6359528AA3}.Release|x64.Build.0 = Release|Any CPU
		{2AA7D2AE-88B7-4EAA-9FAC-2D6359528AA3}.Release|x86.ActiveCfg = Release|Any CPU
		{2AA7D2AE-88B7-4EAA-9FAC-2D6359528AA3}.Release|x86.Build.0 = Release|Any CPU
		{E154957F-23FB-4635-A703-13D606558177}.Debug|Any CPU.ActiveCfg = Debug|Any CPU
		{E154957F-23FB-4635-A703-13D606558177}.Debug|Any CPU.Build.0 = Debug|Any CPU
		{E154957F-23FB-4635-A703-13D606558177}.Debug|x64.ActiveCfg = Debug|Any CPU
		{E154957F-23FB-4635-A703-13D606558177}.Debug|x64.Build.0 = Debug|Any CPU
		{E154957F-23FB-4635-A703-13D606558177}.Debug|x86.ActiveCfg = Debug|Any CPU
		{E154957F-23FB-4635-A703-13D606558177}.Debug|x86.Build.0 = Debug|Any CPU
		{E154957F-23FB-4635-A703-13D606558177}.Release|Any CPU.ActiveCfg = Release|Any CPU
		{E154957F-23FB-4635-A703-13D606558177}.Release|Any CPU.Build.0 = Release|Any CPU
		{E154957F-23FB-4635-A703-13D606558177}.Release|x64.ActiveCfg = Release|Any CPU
		{E154957F-23FB-4635-A703-13D606558177}.Release|x64.Build.0 = Release|Any CPU
		{E154957F-23FB-4635-A703-13D606558177}.Release|x86.ActiveCfg = Release|Any CPU
		{E154957F-23FB-4635-A703-13D606558177}.Release|x86.Build.0 = Release|Any CPU
		{A147FD4F-293E-4675-BD13-7E50CE138AAD}.Debug|Any CPU.ActiveCfg = Debug|Any CPU
		{A147FD4F-293E-4675-BD13-7E50CE138AAD}.Debug|Any CPU.Build.0 = Debug|Any CPU
		{A147FD4F-293E-4675-BD13-7E50CE138AAD}.Debug|x64.ActiveCfg = Debug|Any CPU
		{A147FD4F-293E-4675-BD13-7E50CE138AAD}.Debug|x64.Build.0 = Debug|Any CPU
		{A147FD4F-293E-4675-BD13-7E50CE138AAD}.Debug|x86.ActiveCfg = Debug|Any CPU
		{A147FD4F-293E-4675-BD13-7E50CE138AAD}.Debug|x86.Build.0 = Debug|Any CPU
		{A147FD4F-293E-4675-BD13-7E50CE138AAD}.Release|Any CPU.ActiveCfg = Release|Any CPU
		{A147FD4F-293E-4675-BD13-7E50CE138AAD}.Release|Any CPU.Build.0 = Release|Any CPU
		{A147FD4F-293E-4675-BD13-7E50CE138AAD}.Release|x64.ActiveCfg = Release|Any CPU
		{A147FD4F-293E-4675-BD13-7E50CE138AAD}.Release|x64.Build.0 = Release|Any CPU
		{A147FD4F-293E-4675-BD13-7E50CE138AAD}.Release|x86.ActiveCfg = Release|Any CPU
		{A147FD4F-293E-4675-BD13-7E50CE138AAD}.Release|x86.Build.0 = Release|Any CPU
		{974D812C-EBCA-490B-91D9-20D3F2A2C43D}.Debug|Any CPU.ActiveCfg = Debug|Any CPU
		{974D812C-EBCA-490B-91D9-20D3F2A2C43D}.Debug|Any CPU.Build.0 = Debug|Any CPU
		{974D812C-EBCA-490B-91D9-20D3F2A2C43D}.Debug|x64.ActiveCfg = Debug|Any CPU
		{974D812C-EBCA-490B-91D9-20D3F2A2C43D}.Debug|x64.Build.0 = Debug|Any CPU
		{974D812C-EBCA-490B-91D9-20D3F2A2C43D}.Debug|x86.ActiveCfg = Debug|Any CPU
		{974D812C-EBCA-490B-91D9-20D3F2A2C43D}.Debug|x86.Build.0 = Debug|Any CPU
		{974D812C-EBCA-490B-91D9-20D3F2A2C43D}.Release|Any CPU.ActiveCfg = Release|Any CPU
		{974D812C-EBCA-490B-91D9-20D3F2A2C43D}.Release|Any CPU.Build.0 = Release|Any CPU
		{974D812C-EBCA-490B-91D9-20D3F2A2C43D}.Release|x64.ActiveCfg = Release|Any CPU
		{974D812C-EBCA-490B-91D9-20D3F2A2C43D}.Release|x64.Build.0 = Release|Any CPU
		{974D812C-EBCA-490B-91D9-20D3F2A2C43D}.Release|x86.ActiveCfg = Release|Any CPU
		{974D812C-EBCA-490B-91D9-20D3F2A2C43D}.Release|x86.Build.0 = Release|Any CPU
		{9CC254A8-A06B-4332-AEBC-A19226A7B8F8}.Debug|Any CPU.ActiveCfg = Debug|Any CPU
		{9CC254A8-A06B-4332-AEBC-A19226A7B8F8}.Debug|Any CPU.Build.0 = Debug|Any CPU
		{9CC254A8-A06B-4332-AEBC-A19226A7B8F8}.Debug|x64.ActiveCfg = Debug|Any CPU
		{9CC254A8-A06B-4332-AEBC-A19226A7B8F8}.Debug|x64.Build.0 = Debug|Any CPU
		{9CC254A8-A06B-4332-AEBC-A19226A7B8F8}.Debug|x86.ActiveCfg = Debug|Any CPU
		{9CC254A8-A06B-4332-AEBC-A19226A7B8F8}.Debug|x86.Build.0 = Debug|Any CPU
		{9CC254A8-A06B-4332-AEBC-A19226A7B8F8}.Release|Any CPU.ActiveCfg = Release|Any CPU
		{9CC254A8-A06B-4332-AEBC-A19226A7B8F8}.Release|Any CPU.Build.0 = Release|Any CPU
		{9CC254A8-A06B-4332-AEBC-A19226A7B8F8}.Release|x64.ActiveCfg = Release|Any CPU
		{9CC254A8-A06B-4332-AEBC-A19226A7B8F8}.Release|x64.Build.0 = Release|Any CPU
		{9CC254A8-A06B-4332-AEBC-A19226A7B8F8}.Release|x86.ActiveCfg = Release|Any CPU
		{9CC254A8-A06B-4332-AEBC-A19226A7B8F8}.Release|x86.Build.0 = Release|Any CPU
		{52C1BCB8-16BF-4170-B79C-DA82D4EA82FF}.Debug|Any CPU.ActiveCfg = Debug|Any CPU
		{52C1BCB8-16BF-4170-B79C-DA82D4EA82FF}.Debug|Any CPU.Build.0 = Debug|Any CPU
		{52C1BCB8-16BF-4170-B79C-DA82D4EA82FF}.Debug|x64.ActiveCfg = Debug|Any CPU
		{52C1BCB8-16BF-4170-B79C-DA82D4EA82FF}.Debug|x64.Build.0 = Debug|Any CPU
		{52C1BCB8-16BF-4170-B79C-DA82D4EA82FF}.Debug|x86.ActiveCfg = Debug|Any CPU
		{52C1BCB8-16BF-4170-B79C-DA82D4EA82FF}.Debug|x86.Build.0 = Debug|Any CPU
		{52C1BCB8-16BF-4170-B79C-DA82D4EA82FF}.Release|Any CPU.ActiveCfg = Release|Any CPU
		{52C1BCB8-16BF-4170-B79C-DA82D4EA82FF}.Release|Any CPU.Build.0 = Release|Any CPU
		{52C1BCB8-16BF-4170-B79C-DA82D4EA82FF}.Release|x64.ActiveCfg = Release|Any CPU
		{52C1BCB8-16BF-4170-B79C-DA82D4EA82FF}.Release|x64.Build.0 = Release|Any CPU
		{52C1BCB8-16BF-4170-B79C-DA82D4EA82FF}.Release|x86.ActiveCfg = Release|Any CPU
		{52C1BCB8-16BF-4170-B79C-DA82D4EA82FF}.Release|x86.Build.0 = Release|Any CPU
		{AD73271B-25CF-4701-86FA-367383C51A2F}.Debug|Any CPU.ActiveCfg = Debug|Any CPU
		{AD73271B-25CF-4701-86FA-367383C51A2F}.Debug|Any CPU.Build.0 = Debug|Any CPU
		{AD73271B-25CF-4701-86FA-367383C51A2F}.Debug|x64.ActiveCfg = Debug|Any CPU
		{AD73271B-25CF-4701-86FA-367383C51A2F}.Debug|x64.Build.0 = Debug|Any CPU
		{AD73271B-25CF-4701-86FA-367383C51A2F}.Debug|x86.ActiveCfg = Debug|Any CPU
		{AD73271B-25CF-4701-86FA-367383C51A2F}.Debug|x86.Build.0 = Debug|Any CPU
		{AD73271B-25CF-4701-86FA-367383C51A2F}.Release|Any CPU.ActiveCfg = Release|Any CPU
		{AD73271B-25CF-4701-86FA-367383C51A2F}.Release|Any CPU.Build.0 = Release|Any CPU
		{AD73271B-25CF-4701-86FA-367383C51A2F}.Release|x64.ActiveCfg = Release|Any CPU
		{AD73271B-25CF-4701-86FA-367383C51A2F}.Release|x64.Build.0 = Release|Any CPU
		{AD73271B-25CF-4701-86FA-367383C51A2F}.Release|x86.ActiveCfg = Release|Any CPU
		{AD73271B-25CF-4701-86FA-367383C51A2F}.Release|x86.Build.0 = Release|Any CPU
		{EA08D553-0FA9-4049-8D82-CDF173F08B20}.Debug|Any CPU.ActiveCfg = Debug|Any CPU
		{EA08D553-0FA9-4049-8D82-CDF173F08B20}.Debug|Any CPU.Build.0 = Debug|Any CPU
		{EA08D553-0FA9-4049-8D82-CDF173F08B20}.Debug|x64.ActiveCfg = Debug|Any CPU
		{EA08D553-0FA9-4049-8D82-CDF173F08B20}.Debug|x64.Build.0 = Debug|Any CPU
		{EA08D553-0FA9-4049-8D82-CDF173F08B20}.Debug|x86.ActiveCfg = Debug|Any CPU
		{EA08D553-0FA9-4049-8D82-CDF173F08B20}.Debug|x86.Build.0 = Debug|Any CPU
		{EA08D553-0FA9-4049-8D82-CDF173F08B20}.Release|Any CPU.ActiveCfg = Release|Any CPU
		{EA08D553-0FA9-4049-8D82-CDF173F08B20}.Release|Any CPU.Build.0 = Release|Any CPU
		{EA08D553-0FA9-4049-8D82-CDF173F08B20}.Release|x64.ActiveCfg = Release|Any CPU
		{EA08D553-0FA9-4049-8D82-CDF173F08B20}.Release|x64.Build.0 = Release|Any CPU
		{EA08D553-0FA9-4049-8D82-CDF173F08B20}.Release|x86.ActiveCfg = Release|Any CPU
		{EA08D553-0FA9-4049-8D82-CDF173F08B20}.Release|x86.Build.0 = Release|Any CPU
		{015815EF-EBB4-42AB-9A97-3C81F2D06B2D}.Debug|Any CPU.ActiveCfg = Debug|Any CPU
		{015815EF-EBB4-42AB-9A97-3C81F2D06B2D}.Debug|Any CPU.Build.0 = Debug|Any CPU
		{015815EF-EBB4-42AB-9A97-3C81F2D06B2D}.Debug|x64.ActiveCfg = Debug|Any CPU
		{015815EF-EBB4-42AB-9A97-3C81F2D06B2D}.Debug|x64.Build.0 = Debug|Any CPU
		{015815EF-EBB4-42AB-9A97-3C81F2D06B2D}.Debug|x86.ActiveCfg = Debug|Any CPU
		{015815EF-EBB4-42AB-9A97-3C81F2D06B2D}.Debug|x86.Build.0 = Debug|Any CPU
		{015815EF-EBB4-42AB-9A97-3C81F2D06B2D}.Release|Any CPU.ActiveCfg = Release|Any CPU
		{015815EF-EBB4-42AB-9A97-3C81F2D06B2D}.Release|Any CPU.Build.0 = Release|Any CPU
		{015815EF-EBB4-42AB-9A97-3C81F2D06B2D}.Release|x64.ActiveCfg = Release|Any CPU
		{015815EF-EBB4-42AB-9A97-3C81F2D06B2D}.Release|x64.Build.0 = Release|Any CPU
		{015815EF-EBB4-42AB-9A97-3C81F2D06B2D}.Release|x86.ActiveCfg = Release|Any CPU
		{015815EF-EBB4-42AB-9A97-3C81F2D06B2D}.Release|x86.Build.0 = Release|Any CPU
		{74FB162D-2514-40A4-A96C-32594873C3B6}.Debug|Any CPU.ActiveCfg = Debug|Any CPU
		{74FB162D-2514-40A4-A96C-32594873C3B6}.Debug|Any CPU.Build.0 = Debug|Any CPU
		{74FB162D-2514-40A4-A96C-32594873C3B6}.Debug|x64.ActiveCfg = Debug|Any CPU
		{74FB162D-2514-40A4-A96C-32594873C3B6}.Debug|x64.Build.0 = Debug|Any CPU
		{74FB162D-2514-40A4-A96C-32594873C3B6}.Debug|x86.ActiveCfg = Debug|Any CPU
		{74FB162D-2514-40A4-A96C-32594873C3B6}.Debug|x86.Build.0 = Debug|Any CPU
		{74FB162D-2514-40A4-A96C-32594873C3B6}.Release|Any CPU.ActiveCfg = Release|Any CPU
		{74FB162D-2514-40A4-A96C-32594873C3B6}.Release|Any CPU.Build.0 = Release|Any CPU
		{74FB162D-2514-40A4-A96C-32594873C3B6}.Release|x64.ActiveCfg = Release|Any CPU
		{74FB162D-2514-40A4-A96C-32594873C3B6}.Release|x64.Build.0 = Release|Any CPU
		{74FB162D-2514-40A4-A96C-32594873C3B6}.Release|x86.ActiveCfg = Release|Any CPU
		{74FB162D-2514-40A4-A96C-32594873C3B6}.Release|x86.Build.0 = Release|Any CPU
		{30A50924-C999-42DA-A42C-A577950635C3}.Debug|Any CPU.ActiveCfg = Debug|Any CPU
		{30A50924-C999-42DA-A42C-A577950635C3}.Debug|Any CPU.Build.0 = Debug|Any CPU
		{30A50924-C999-42DA-A42C-A577950635C3}.Debug|x64.ActiveCfg = Debug|Any CPU
		{30A50924-C999-42DA-A42C-A577950635C3}.Debug|x64.Build.0 = Debug|Any CPU
		{30A50924-C999-42DA-A42C-A577950635C3}.Debug|x86.ActiveCfg = Debug|Any CPU
		{30A50924-C999-42DA-A42C-A577950635C3}.Debug|x86.Build.0 = Debug|Any CPU
		{30A50924-C999-42DA-A42C-A577950635C3}.Release|Any CPU.ActiveCfg = Release|Any CPU
		{30A50924-C999-42DA-A42C-A577950635C3}.Release|Any CPU.Build.0 = Release|Any CPU
		{30A50924-C999-42DA-A42C-A577950635C3}.Release|x64.ActiveCfg = Release|Any CPU
		{30A50924-C999-42DA-A42C-A577950635C3}.Release|x64.Build.0 = Release|Any CPU
		{30A50924-C999-42DA-A42C-A577950635C3}.Release|x86.ActiveCfg = Release|Any CPU
		{30A50924-C999-42DA-A42C-A577950635C3}.Release|x86.Build.0 = Release|Any CPU
		{C9C7FF4D-9D45-4A8C-8F19-210C0915D086}.Debug|Any CPU.ActiveCfg = Debug|Any CPU
		{C9C7FF4D-9D45-4A8C-8F19-210C0915D086}.Debug|Any CPU.Build.0 = Debug|Any CPU
		{C9C7FF4D-9D45-4A8C-8F19-210C0915D086}.Debug|x64.ActiveCfg = Debug|Any CPU
		{C9C7FF4D-9D45-4A8C-8F19-210C0915D086}.Debug|x64.Build.0 = Debug|Any CPU
		{C9C7FF4D-9D45-4A8C-8F19-210C0915D086}.Debug|x86.ActiveCfg = Debug|Any CPU
		{C9C7FF4D-9D45-4A8C-8F19-210C0915D086}.Debug|x86.Build.0 = Debug|Any CPU
		{C9C7FF4D-9D45-4A8C-8F19-210C0915D086}.Release|Any CPU.ActiveCfg = Release|Any CPU
		{C9C7FF4D-9D45-4A8C-8F19-210C0915D086}.Release|Any CPU.Build.0 = Release|Any CPU
		{C9C7FF4D-9D45-4A8C-8F19-210C0915D086}.Release|x64.ActiveCfg = Release|Any CPU
		{C9C7FF4D-9D45-4A8C-8F19-210C0915D086}.Release|x64.Build.0 = Release|Any CPU
		{C9C7FF4D-9D45-4A8C-8F19-210C0915D086}.Release|x86.ActiveCfg = Release|Any CPU
		{C9C7FF4D-9D45-4A8C-8F19-210C0915D086}.Release|x86.Build.0 = Release|Any CPU
		{F3B20C4E-5E3F-4F58-8F2C-0A6C9F5E9B11}.Debug|Any CPU.ActiveCfg = Debug|Any CPU
		{F3B20C4E-5E3F-4F58-8F2C-0A6C9F5E9B11}.Debug|Any CPU.Build.0 = Debug|Any CPU
		{F3B20C4E-5E3F-4F58-8F2C-0A6C9F5E9B11}.Debug|x64.ActiveCfg = Debug|Any CPU
		{F3B20C4E-5E3F-4F58-8F2C-0A6C9F5E9B11}.Debug|x64.Build.0 = Debug|Any CPU
		{F3B20C4E-5E3F-4F58-8F2C-0A6C9F5E9B11}.Debug|x86.ActiveCfg = Debug|Any CPU
		{F3B20C4E-5E3F-4F58-8F2C-0A6C9F5E9B11}.Debug|x86.Build.0 = Debug|Any CPU
		{F3B20C4E-5E3F-4F58-8F2C-0A6C9F5E9B11}.Release|Any CPU.ActiveCfg = Release|Any CPU
		{F3B20C4E-5E3F-4F58-8F2C-0A6C9F5E9B11}.Release|Any CPU.Build.0 = Release|Any CPU
		{F3B20C4E-5E3F-4F58-8F2C-0A6C9F5E9B11}.Release|x64.ActiveCfg = Release|Any CPU
		{F3B20C4E-5E3F-4F58-8F2C-0A6C9F5E9B11}.Release|x64.Build.0 = Release|Any CPU
		{F3B20C4E-5E3F-4F58-8F2C-0A6C9F5E9B11}.Release|x86.ActiveCfg = Release|Any CPU
		{F3B20C4E-5E3F-4F58-8F2C-0A6C9F5E9B11}.Release|x86.Build.0 = Release|Any CPU
		{A0E42F4D-3A36-4F7C-9F38-2B5A46819D47}.Debug|Any CPU.ActiveCfg = Debug|Any CPU
		{A0E42F4D-3A36-4F7C-9F38-2B5A46819D47}.Debug|Any CPU.Build.0 = Debug|Any CPU
		{A0E42F4D-3A36-4F7C-9F38-2B5A46819D47}.Debug|x64.ActiveCfg = Debug|Any CPU
		{A0E42F4D-3A36-4F7C-9F38-2B5A46819D47}.Debug|x64.Build.0 = Debug|Any CPU
		{A0E42F4D-3A36-4F7C-9F38-2B5A46819D47}.Debug|x86.ActiveCfg = Debug|Any CPU
		{A0E42F4D-3A36-4F7C-9F38-2B5A46819D47}.Debug|x86.Build.0 = Debug|Any CPU
		{A0E42F4D-3A36-4F7C-9F38-2B5A46819D47}.Release|Any CPU.ActiveCfg = Release|Any CPU
		{A0E42F4D-3A36-4F7C-9F38-2B5A46819D47}.Release|Any CPU.Build.0 = Release|Any CPU
		{A0E42F4D-3A36-4F7C-9F38-2B5A46819D47}.Release|x64.ActiveCfg = Release|Any CPU
		{A0E42F4D-3A36-4F7C-9F38-2B5A46819D47}.Release|x64.Build.0 = Release|Any CPU
		{A0E42F4D-3A36-4F7C-9F38-2B5A46819D47}.Release|x86.ActiveCfg = Release|Any CPU
		{A0E42F4D-3A36-4F7C-9F38-2B5A46819D47}.Release|x86.Build.0 = Release|Any CPU
		{D9C5EAC0-9C62-4C52-9F3A-42A6C36F7E77}.Debug|Any CPU.ActiveCfg = Debug|Any CPU
		{D9C5EAC0-9C62-4C52-9F3A-42A6C36F7E77}.Debug|Any CPU.Build.0 = Debug|Any CPU
		{D9C5EAC0-9C62-4C52-9F3A-42A6C36F7E77}.Debug|x64.ActiveCfg = Debug|Any CPU
		{D9C5EAC0-9C62-4C52-9F3A-42A6C36F7E77}.Debug|x64.Build.0 = Debug|Any CPU
		{D9C5EAC0-9C62-4C52-9F3A-42A6C36F7E77}.Debug|x86.ActiveCfg = Debug|Any CPU
		{D9C5EAC0-9C62-4C52-9F3A-42A6C36F7E77}.Debug|x86.Build.0 = Debug|Any CPU
		{D9C5EAC0-9C62-4C52-9F3A-42A6C36F7E77}.Release|Any CPU.ActiveCfg = Release|Any CPU
		{D9C5EAC0-9C62-4C52-9F3A-42A6C36F7E77}.Release|Any CPU.Build.0 = Release|Any CPU
		{D9C5EAC0-9C62-4C52-9F3A-42A6C36F7E77}.Release|x64.ActiveCfg = Release|Any CPU
		{D9C5EAC0-9C62-4C52-9F3A-42A6C36F7E77}.Release|x64.Build.0 = Release|Any CPU
		{D9C5EAC0-9C62-4C52-9F3A-42A6C36F7E77}.Release|x86.ActiveCfg = Release|Any CPU
		{D9C5EAC0-9C62-4C52-9F3A-42A6C36F7E77}.Release|x86.Build.0 = Release|Any CPU
	EndGlobalSection
	GlobalSection(SolutionProperties) = preSolution
		HideSolutionNode = FALSE
	EndGlobalSection
	GlobalSection(NestedProjects) = preSolution
		{974D812C-EBCA-490B-91D9-20D3F2A2C43D} = {54C27F26-71CB-9721-02CF-9E5332C2F895}
		{9CC254A8-A06B-4332-AEBC-A19226A7B8F8} = {54C27F26-71CB-9721-02CF-9E5332C2F895}
		{52C1BCB8-16BF-4170-B79C-DA82D4EA82FF} = {54C27F26-71CB-9721-02CF-9E5332C2F895}
		{AD73271B-25CF-4701-86FA-367383C51A2F} = {54C27F26-71CB-9721-02CF-9E5332C2F895}
		{EA08D553-0FA9-4049-8D82-CDF173F08B20} = {1CDB8257-D98E-AF38-204D-5645D4EEB404}
		{015815EF-EBB4-42AB-9A97-3C81F2D06B2D} = {1CDB8257-D98E-AF38-204D-5645D4EEB404}
		{74FB162D-2514-40A4-A96C-32594873C3B6} = {4C52D224-B030-4119-81DC-424209DE445E}
		{30A50924-C999-42DA-A42C-A577950635C3} = {4C52D224-B030-4119-81DC-424209DE445E}
		{C9C7FF4D-9D45-4A8C-8F19-210C0915D086} = {3018FE93-2D93-7D0A-2D30-70915967B595}
		{F3B20C4E-5E3F-4F58-8F2C-0A6C9F5E9B11} = {3018FE93-2D93-7D0A-2D30-70915967B595}
		{A0E42F4D-3A36-4F7C-9F38-2B5A46819D47} = {3018FE93-2D93-7D0A-2D30-70915967B595}
		{D9C5EAC0-9C62-4C52-9F3A-42A6C36F7E77} = {3018FE93-2D93-7D0A-2D30-70915967B595}
	EndGlobalSection
EndGlobal
